// !$*UTF8*$!
{
	archiveVersion = 1;
	classes = {
	};
	objectVersion = 56;
	objects = {

/* Begin PBXBuildFile section */
		9138C2A42BE70D2000DCA534 /* CompleteDetailsView.swift in Sources */ = {isa = PBXBuildFile; fileRef = 9138C2A32BE70D2000DCA534 /* CompleteDetailsView.swift */; };
		91571DCD2BE456A9006F2A48 /* TabbarView.swift in Sources */ = {isa = PBXBuildFile; fileRef = 91571DCC2BE456A9006F2A48 /* TabbarView.swift */; };
		91571DD12BE45BAF006F2A48 /* ProfileView.swift in Sources */ = {isa = PBXBuildFile; fileRef = 91571DD02BE45BAF006F2A48 /* ProfileView.swift */; };
		91571DD32BE467EB006F2A48 /* ProfileViewModel.swift in Sources */ = {isa = PBXBuildFile; fileRef = 91571DD22BE467EB006F2A48 /* ProfileViewModel.swift */; };
		91571DD52BE46BD3006F2A48 /* StatusPickerView.swift in Sources */ = {isa = PBXBuildFile; fileRef = 91571DD42BE46BD3006F2A48 /* StatusPickerView.swift */; };
		916EF7932BE58B48000B8E03 /* FirebaseFirestore in Frameworks */ = {isa = PBXBuildFile; productRef = 916EF7922BE58B48000B8E03 /* FirebaseFirestore */; };
		916EF7952BE58B48000B8E03 /* FirebaseFirestoreSwift in Frameworks */ = {isa = PBXBuildFile; productRef = 916EF7942BE58B48000B8E03 /* FirebaseFirestoreSwift */; };
		916EF7972BE58C9E000B8E03 /* UserManager.swift in Sources */ = {isa = PBXBuildFile; fileRef = 916EF7962BE58C9E000B8E03 /* UserManager.swift */; };
		9189E83E2BDC8E5C00DF915E /* AuthenticationManager.swift in Sources */ = {isa = PBXBuildFile; fileRef = 9189E83D2BDC8E5C00DF915E /* AuthenticationManager.swift */; };
		9189E8402BDC8E8700DF915E /* SignUpViewModel.swift in Sources */ = {isa = PBXBuildFile; fileRef = 9189E83F2BDC8E8700DF915E /* SignUpViewModel.swift */; };
		9189E8422BDC95D200DF915E /* RootView.swift in Sources */ = {isa = PBXBuildFile; fileRef = 9189E8412BDC95D200DF915E /* RootView.swift */; };
		919089FF2BDC50C800A95B8D /* ChatterUpAppApp.swift in Sources */ = {isa = PBXBuildFile; fileRef = 919089FE2BDC50C800A95B8D /* ChatterUpAppApp.swift */; };
		91908A012BDC50C800A95B8D /* ContentView.swift in Sources */ = {isa = PBXBuildFile; fileRef = 91908A002BDC50C800A95B8D /* ContentView.swift */; };
		91908A032BDC50CA00A95B8D /* Assets.xcassets in Resources */ = {isa = PBXBuildFile; fileRef = 91908A022BDC50CA00A95B8D /* Assets.xcassets */; };
		91908A062BDC50CA00A95B8D /* Preview Assets.xcassets in Resources */ = {isa = PBXBuildFile; fileRef = 91908A052BDC50CA00A95B8D /* Preview Assets.xcassets */; };
		91908A0E2BDC514A00A95B8D /* Color.swift in Sources */ = {isa = PBXBuildFile; fileRef = 91908A0D2BDC514A00A95B8D /* Color.swift */; };
		91908A132BDC51B800A95B8D /* SignInView.swift in Sources */ = {isa = PBXBuildFile; fileRef = 91908A122BDC51B800A95B8D /* SignInView.swift */; };
		91908A152BDC51E300A95B8D /* SignInViewModel.swift in Sources */ = {isa = PBXBuildFile; fileRef = 91908A142BDC51E300A95B8D /* SignInViewModel.swift */; };
		91908A182BDC521500A95B8D /* CustomTextField.swift in Sources */ = {isa = PBXBuildFile; fileRef = 91908A172BDC521500A95B8D /* CustomTextField.swift */; };
		91908A1A2BDC667D00A95B8D /* GoogleService-Info.plist in Resources */ = {isa = PBXBuildFile; fileRef = 91908A192BDC667D00A95B8D /* GoogleService-Info.plist */; };
		91908A1D2BDC66CA00A95B8D /* FirebaseAnalytics in Frameworks */ = {isa = PBXBuildFile; productRef = 91908A1C2BDC66CA00A95B8D /* FirebaseAnalytics */; };
		91908A1F2BDC66CA00A95B8D /* FirebaseAnalyticsSwift in Frameworks */ = {isa = PBXBuildFile; productRef = 91908A1E2BDC66CA00A95B8D /* FirebaseAnalyticsSwift */; };
		91908A222BDC69E500A95B8D /* FirebaseAuth in Frameworks */ = {isa = PBXBuildFile; productRef = 91908A212BDC69E500A95B8D /* FirebaseAuth */; };
		91908A252BDC6A8500A95B8D /* SignUpView.swift in Sources */ = {isa = PBXBuildFile; fileRef = 91908A242BDC6A8500A95B8D /* SignUpView.swift */; };
		91910FA22BE32A1E00BAB38E /* SignInWithGoogleHelper.swift in Sources */ = {isa = PBXBuildFile; fileRef = 91910FA12BE32A1E00BAB38E /* SignInWithGoogleHelper.swift */; };
		91A038002BE4386200C41248 /* SignInWithAppleHelper.swift in Sources */ = {isa = PBXBuildFile; fileRef = 91A037FF2BE4386200C41248 /* SignInWithAppleHelper.swift */; };
		91EDC9782BE2E9670012BFD0 /* ForgotPasswordView.swift in Sources */ = {isa = PBXBuildFile; fileRef = 91EDC9772BE2E9670012BFD0 /* ForgotPasswordView.swift */; };
		91EDC97C2BE2EC390012BFD0 /* CustomActionButton.swift in Sources */ = {isa = PBXBuildFile; fileRef = 91EDC97B2BE2EC390012BFD0 /* CustomActionButton.swift */; };
		91EDC9822BE324090012BFD0 /* GoogleService-Info-2.plist in Resources */ = {isa = PBXBuildFile; fileRef = 91EDC9812BE324090012BFD0 /* GoogleService-Info-2.plist */; };
		91EDC9852BE3246A0012BFD0 /* GoogleSignIn in Frameworks */ = {isa = PBXBuildFile; productRef = 91EDC9842BE3246A0012BFD0 /* GoogleSignIn */; };
		91EDC9872BE3246A0012BFD0 /* GoogleSignInSwift in Frameworks */ = {isa = PBXBuildFile; productRef = 91EDC9862BE3246A0012BFD0 /* GoogleSignInSwift */; };
		91EDC98A2BE326860012BFD0 /* UIApplication.swift in Sources */ = {isa = PBXBuildFile; fileRef = 91EDC9892BE326860012BFD0 /* UIApplication.swift */; };
/* End PBXBuildFile section */

/* Begin PBXFileReference section */
		9138C2A32BE70D2000DCA534 /* CompleteDetailsView.swift */ = {isa = PBXFileReference; lastKnownFileType = sourcecode.swift; path = CompleteDetailsView.swift; sourceTree = "<group>"; };
		91571DCC2BE456A9006F2A48 /* TabbarView.swift */ = {isa = PBXFileReference; lastKnownFileType = sourcecode.swift; path = TabbarView.swift; sourceTree = "<group>"; };
		91571DD02BE45BAF006F2A48 /* ProfileView.swift */ = {isa = PBXFileReference; lastKnownFileType = sourcecode.swift; path = ProfileView.swift; sourceTree = "<group>"; };
		91571DD22BE467EB006F2A48 /* ProfileViewModel.swift */ = {isa = PBXFileReference; lastKnownFileType = sourcecode.swift; path = ProfileViewModel.swift; sourceTree = "<group>"; };
		91571DD42BE46BD3006F2A48 /* StatusPickerView.swift */ = {isa = PBXFileReference; lastKnownFileType = sourcecode.swift; path = StatusPickerView.swift; sourceTree = "<group>"; };
		916EF7962BE58C9E000B8E03 /* UserManager.swift */ = {isa = PBXFileReference; lastKnownFileType = sourcecode.swift; path = UserManager.swift; sourceTree = "<group>"; };
		9189E83D2BDC8E5C00DF915E /* AuthenticationManager.swift */ = {isa = PBXFileReference; lastKnownFileType = sourcecode.swift; path = AuthenticationManager.swift; sourceTree = "<group>"; };
		9189E83F2BDC8E8700DF915E /* SignUpViewModel.swift */ = {isa = PBXFileReference; lastKnownFileType = sourcecode.swift; path = SignUpViewModel.swift; sourceTree = "<group>"; };
		9189E8412BDC95D200DF915E /* RootView.swift */ = {isa = PBXFileReference; lastKnownFileType = sourcecode.swift; path = RootView.swift; sourceTree = "<group>"; };
		919089FB2BDC50C800A95B8D /* ChatterUpApp.app */ = {isa = PBXFileReference; explicitFileType = wrapper.application; includeInIndex = 0; path = ChatterUpApp.app; sourceTree = BUILT_PRODUCTS_DIR; };
		919089FE2BDC50C800A95B8D /* ChatterUpAppApp.swift */ = {isa = PBXFileReference; lastKnownFileType = sourcecode.swift; path = ChatterUpAppApp.swift; sourceTree = "<group>"; };
		91908A002BDC50C800A95B8D /* ContentView.swift */ = {isa = PBXFileReference; lastKnownFileType = sourcecode.swift; path = ContentView.swift; sourceTree = "<group>"; };
		91908A022BDC50CA00A95B8D /* Assets.xcassets */ = {isa = PBXFileReference; lastKnownFileType = folder.assetcatalog; path = Assets.xcassets; sourceTree = "<group>"; };
		91908A052BDC50CA00A95B8D /* Preview Assets.xcassets */ = {isa = PBXFileReference; lastKnownFileType = folder.assetcatalog; path = "Preview Assets.xcassets"; sourceTree = "<group>"; };
		91908A0D2BDC514A00A95B8D /* Color.swift */ = {isa = PBXFileReference; lastKnownFileType = sourcecode.swift; path = Color.swift; sourceTree = "<group>"; };
		91908A122BDC51B800A95B8D /* SignInView.swift */ = {isa = PBXFileReference; lastKnownFileType = sourcecode.swift; path = SignInView.swift; sourceTree = "<group>"; };
		91908A142BDC51E300A95B8D /* SignInViewModel.swift */ = {isa = PBXFileReference; lastKnownFileType = sourcecode.swift; path = SignInViewModel.swift; sourceTree = "<group>"; };
		91908A172BDC521500A95B8D /* CustomTextField.swift */ = {isa = PBXFileReference; lastKnownFileType = sourcecode.swift; path = CustomTextField.swift; sourceTree = "<group>"; };
		91908A192BDC667D00A95B8D /* GoogleService-Info.plist */ = {isa = PBXFileReference; fileEncoding = 4; lastKnownFileType = text.plist.xml; path = "GoogleService-Info.plist"; sourceTree = "<group>"; };
		91908A242BDC6A8500A95B8D /* SignUpView.swift */ = {isa = PBXFileReference; lastKnownFileType = sourcecode.swift; path = SignUpView.swift; sourceTree = "<group>"; };
		91910FA12BE32A1E00BAB38E /* SignInWithGoogleHelper.swift */ = {isa = PBXFileReference; lastKnownFileType = sourcecode.swift; path = SignInWithGoogleHelper.swift; sourceTree = "<group>"; };
		91A037FE2BE4358B00C41248 /* ChatterUpApp.entitlements */ = {isa = PBXFileReference; lastKnownFileType = text.plist.entitlements; path = ChatterUpApp.entitlements; sourceTree = "<group>"; };
		91A037FF2BE4386200C41248 /* SignInWithAppleHelper.swift */ = {isa = PBXFileReference; lastKnownFileType = sourcecode.swift; path = SignInWithAppleHelper.swift; sourceTree = "<group>"; };
		91EDC9772BE2E9670012BFD0 /* ForgotPasswordView.swift */ = {isa = PBXFileReference; lastKnownFileType = sourcecode.swift; path = ForgotPasswordView.swift; sourceTree = "<group>"; };
		91EDC97B2BE2EC390012BFD0 /* CustomActionButton.swift */ = {isa = PBXFileReference; lastKnownFileType = sourcecode.swift; path = CustomActionButton.swift; sourceTree = "<group>"; };
		91EDC9812BE324090012BFD0 /* GoogleService-Info-2.plist */ = {isa = PBXFileReference; fileEncoding = 4; lastKnownFileType = text.plist.xml; path = "GoogleService-Info-2.plist"; sourceTree = "<group>"; };
		91EDC9882BE324B90012BFD0 /* Info.plist */ = {isa = PBXFileReference; lastKnownFileType = text.plist; path = Info.plist; sourceTree = "<group>"; };
		91EDC9892BE326860012BFD0 /* UIApplication.swift */ = {isa = PBXFileReference; lastKnownFileType = sourcecode.swift; path = UIApplication.swift; sourceTree = "<group>"; };
/* End PBXFileReference section */

/* Begin PBXFrameworksBuildPhase section */
		919089F82BDC50C800A95B8D /* Frameworks */ = {
			isa = PBXFrameworksBuildPhase;
			buildActionMask = 2147483647;
			files = (
				91EDC9872BE3246A0012BFD0 /* GoogleSignInSwift in Frameworks */,
				91908A1F2BDC66CA00A95B8D /* FirebaseAnalyticsSwift in Frameworks */,
				91EDC9852BE3246A0012BFD0 /* GoogleSignIn in Frameworks */,
				916EF7952BE58B48000B8E03 /* FirebaseFirestoreSwift in Frameworks */,
				91908A222BDC69E500A95B8D /* FirebaseAuth in Frameworks */,
				91908A1D2BDC66CA00A95B8D /* FirebaseAnalytics in Frameworks */,
				916EF7932BE58B48000B8E03 /* FirebaseFirestore in Frameworks */,
			);
			runOnlyForDeploymentPostprocessing = 0;
		};
/* End PBXFrameworksBuildPhase section */

/* Begin PBXGroup section */
		9138C2A22BE70C0300DCA534 /* Subviews */ = {
			isa = PBXGroup;
			children = (
				91EDC9772BE2E9670012BFD0 /* ForgotPasswordView.swift */,
				9138C2A32BE70D2000DCA534 /* CompleteDetailsView.swift */,
			);
			path = Subviews;
			sourceTree = "<group>";
		};
		91571DCE2BE45B90006F2A48 /* Chats */ = {
			isa = PBXGroup;
			children = (
			);
			path = Chats;
			sourceTree = "<group>";
		};
		91571DCF2BE45B9C006F2A48 /* Profile */ = {
			isa = PBXGroup;
			children = (
				91571DD62BE47196006F2A48 /* Subviews */,
				91571DD02BE45BAF006F2A48 /* ProfileView.swift */,
				91571DD22BE467EB006F2A48 /* ProfileViewModel.swift */,
			);
			path = Profile;
			sourceTree = "<group>";
		};
		91571DD62BE47196006F2A48 /* Subviews */ = {
			isa = PBXGroup;
			children = (
				91571DD42BE46BD3006F2A48 /* StatusPickerView.swift */,
			);
			path = Subviews;
			sourceTree = "<group>";
		};
		9189E83C2BDC8E4400DF915E /* Managers */ = {
			isa = PBXGroup;
			children = (
				9189E83D2BDC8E5C00DF915E /* AuthenticationManager.swift */,
				916EF7962BE58C9E000B8E03 /* UserManager.swift */,
			);
			path = Managers;
			sourceTree = "<group>";
		};
		919089F22BDC50C800A95B8D = {
			isa = PBXGroup;
			children = (
				919089FD2BDC50C800A95B8D /* ChatterUpApp */,
				919089FC2BDC50C800A95B8D /* Products */,
				91908A202BDC69E400A95B8D /* Frameworks */,
			);
			sourceTree = "<group>";
		};
		919089FC2BDC50C800A95B8D /* Products */ = {
			isa = PBXGroup;
			children = (
				919089FB2BDC50C800A95B8D /* ChatterUpApp.app */,
			);
			name = Products;
			sourceTree = "<group>";
		};
		919089FD2BDC50C800A95B8D /* ChatterUpApp */ = {
			isa = PBXGroup;
			children = (
				91A037FE2BE4358B00C41248 /* ChatterUpApp.entitlements */,
				91EDC9882BE324B90012BFD0 /* Info.plist */,
				91EDC9812BE324090012BFD0 /* GoogleService-Info-2.plist */,
				91908A192BDC667D00A95B8D /* GoogleService-Info.plist */,
				91EDC98B2BE329360012BFD0 /* Helpers */,
				9189E83C2BDC8E4400DF915E /* Managers */,
				91908A0F2BDC519300A95B8D /* Core */,
				91908A0C2BDC513A00A95B8D /* Extensions */,
				919089FE2BDC50C800A95B8D /* ChatterUpAppApp.swift */,
				91908A002BDC50C800A95B8D /* ContentView.swift */,
				91908A022BDC50CA00A95B8D /* Assets.xcassets */,
				91908A042BDC50CA00A95B8D /* Preview Content */,
			);
			path = ChatterUpApp;
			sourceTree = "<group>";
		};
		91908A042BDC50CA00A95B8D /* Preview Content */ = {
			isa = PBXGroup;
			children = (
				91908A052BDC50CA00A95B8D /* Preview Assets.xcassets */,
			);
			path = "Preview Content";
			sourceTree = "<group>";
		};
		91908A0C2BDC513A00A95B8D /* Extensions */ = {
			isa = PBXGroup;
			children = (
				91908A0D2BDC514A00A95B8D /* Color.swift */,
				91EDC9892BE326860012BFD0 /* UIApplication.swift */,
			);
			path = Extensions;
			sourceTree = "<group>";
		};
		91908A0F2BDC519300A95B8D /* Core */ = {
			isa = PBXGroup;
			children = (
				91571DCF2BE45B9C006F2A48 /* Profile */,
				91571DCE2BE45B90006F2A48 /* Chats */,
				91908A162BDC520100A95B8D /* Components */,
				91908A102BDC519E00A95B8D /* Authentication */,
				9189E8412BDC95D200DF915E /* RootView.swift */,
				91571DCC2BE456A9006F2A48 /* TabbarView.swift */,
			);
			path = Core;
			sourceTree = "<group>";
		};
		91908A102BDC519E00A95B8D /* Authentication */ = {
			isa = PBXGroup;
			children = (
				91908A232BDC6A7600A95B8D /* SignUp */,
				91908A112BDC51A800A95B8D /* SignIn */,
			);
			path = Authentication;
			sourceTree = "<group>";
		};
		91908A112BDC51A800A95B8D /* SignIn */ = {
			isa = PBXGroup;
			children = (
				9138C2A22BE70C0300DCA534 /* Subviews */,
				91908A122BDC51B800A95B8D /* SignInView.swift */,
				91908A142BDC51E300A95B8D /* SignInViewModel.swift */,
			);
			path = SignIn;
			sourceTree = "<group>";
		};
		91908A162BDC520100A95B8D /* Components */ = {
			isa = PBXGroup;
			children = (
				91908A172BDC521500A95B8D /* CustomTextField.swift */,
				91EDC97B2BE2EC390012BFD0 /* CustomActionButton.swift */,
			);
			path = Components;
			sourceTree = "<group>";
		};
		91908A202BDC69E400A95B8D /* Frameworks */ = {
			isa = PBXGroup;
			children = (
			);
			name = Frameworks;
			sourceTree = "<group>";
		};
		91908A232BDC6A7600A95B8D /* SignUp */ = {
			isa = PBXGroup;
			children = (
				91908A242BDC6A8500A95B8D /* SignUpView.swift */,
				9189E83F2BDC8E8700DF915E /* SignUpViewModel.swift */,
			);
			path = SignUp;
			sourceTree = "<group>";
		};
		91EDC98B2BE329360012BFD0 /* Helpers */ = {
			isa = PBXGroup;
			children = (
				91910FA12BE32A1E00BAB38E /* SignInWithGoogleHelper.swift */,
				91A037FF2BE4386200C41248 /* SignInWithAppleHelper.swift */,
			);
			path = Helpers;
			sourceTree = "<group>";
		};
/* End PBXGroup section */

/* Begin PBXNativeTarget section */
		919089FA2BDC50C800A95B8D /* ChatterUpApp */ = {
			isa = PBXNativeTarget;
			buildConfigurationList = 91908A092BDC50CA00A95B8D /* Build configuration list for PBXNativeTarget "ChatterUpApp" */;
			buildPhases = (
				919089F72BDC50C800A95B8D /* Sources */,
				919089F82BDC50C800A95B8D /* Frameworks */,
				919089F92BDC50C800A95B8D /* Resources */,
			);
			buildRules = (
			);
			dependencies = (
			);
			name = ChatterUpApp;
			packageProductDependencies = (
				91908A1C2BDC66CA00A95B8D /* FirebaseAnalytics */,
				91908A1E2BDC66CA00A95B8D /* FirebaseAnalyticsSwift */,
				91908A212BDC69E500A95B8D /* FirebaseAuth */,
				91EDC9842BE3246A0012BFD0 /* GoogleSignIn */,
				91EDC9862BE3246A0012BFD0 /* GoogleSignInSwift */,
				916EF7922BE58B48000B8E03 /* FirebaseFirestore */,
				916EF7942BE58B48000B8E03 /* FirebaseFirestoreSwift */,
			);
			productName = ChatterUpApp;
			productReference = 919089FB2BDC50C800A95B8D /* ChatterUpApp.app */;
			productType = "com.apple.product-type.application";
		};
/* End PBXNativeTarget section */

/* Begin PBXProject section */
		919089F32BDC50C800A95B8D /* Project object */ = {
			isa = PBXProject;
			attributes = {
				BuildIndependentTargetsInParallel = 1;
				LastSwiftUpdateCheck = 1530;
				LastUpgradeCheck = 1530;
				TargetAttributes = {
					919089FA2BDC50C800A95B8D = {
						CreatedOnToolsVersion = 15.3;
					};
				};
			};
			buildConfigurationList = 919089F62BDC50C800A95B8D /* Build configuration list for PBXProject "ChatterUpApp" */;
			compatibilityVersion = "Xcode 14.0";
			developmentRegion = en;
			hasScannedForEncodings = 0;
			knownRegions = (
				en,
				Base,
			);
			mainGroup = 919089F22BDC50C800A95B8D;
			packageReferences = (
				91908A1B2BDC66CA00A95B8D /* XCRemoteSwiftPackageReference "firebase-ios-sdk" */,
				91EDC9832BE3246A0012BFD0 /* XCRemoteSwiftPackageReference "GoogleSignIn-iOS" */,
			);
			productRefGroup = 919089FC2BDC50C800A95B8D /* Products */;
			projectDirPath = "";
			projectRoot = "";
			targets = (
				919089FA2BDC50C800A95B8D /* ChatterUpApp */,
			);
		};
/* End PBXProject section */

/* Begin PBXResourcesBuildPhase section */
		919089F92BDC50C800A95B8D /* Resources */ = {
			isa = PBXResourcesBuildPhase;
			buildActionMask = 2147483647;
			files = (
				91908A062BDC50CA00A95B8D /* Preview Assets.xcassets in Resources */,
				91908A032BDC50CA00A95B8D /* Assets.xcassets in Resources */,
				91EDC9822BE324090012BFD0 /* GoogleService-Info-2.plist in Resources */,
				91908A1A2BDC667D00A95B8D /* GoogleService-Info.plist in Resources */,
			);
			runOnlyForDeploymentPostprocessing = 0;
		};
/* End PBXResourcesBuildPhase section */

/* Begin PBXSourcesBuildPhase section */
		919089F72BDC50C800A95B8D /* Sources */ = {
			isa = PBXSourcesBuildPhase;
			buildActionMask = 2147483647;
			files = (
				91EDC98A2BE326860012BFD0 /* UIApplication.swift in Sources */,
				91908A012BDC50C800A95B8D /* ContentView.swift in Sources */,
				91571DCD2BE456A9006F2A48 /* TabbarView.swift in Sources */,
				91EDC9782BE2E9670012BFD0 /* ForgotPasswordView.swift in Sources */,
				9189E83E2BDC8E5C00DF915E /* AuthenticationManager.swift in Sources */,
				91910FA22BE32A1E00BAB38E /* SignInWithGoogleHelper.swift in Sources */,
				91EDC97C2BE2EC390012BFD0 /* CustomActionButton.swift in Sources */,
				919089FF2BDC50C800A95B8D /* ChatterUpAppApp.swift in Sources */,
				91908A182BDC521500A95B8D /* CustomTextField.swift in Sources */,
				91571DD12BE45BAF006F2A48 /* ProfileView.swift in Sources */,
				9189E8422BDC95D200DF915E /* RootView.swift in Sources */,
				9138C2A42BE70D2000DCA534 /* CompleteDetailsView.swift in Sources */,
				9189E8402BDC8E8700DF915E /* SignUpViewModel.swift in Sources */,
				91571DD32BE467EB006F2A48 /* ProfileViewModel.swift in Sources */,
				91A038002BE4386200C41248 /* SignInWithAppleHelper.swift in Sources */,
				91908A252BDC6A8500A95B8D /* SignUpView.swift in Sources */,
				91908A132BDC51B800A95B8D /* SignInView.swift in Sources */,
				91908A0E2BDC514A00A95B8D /* Color.swift in Sources */,
				91571DD52BE46BD3006F2A48 /* StatusPickerView.swift in Sources */,
				916EF7972BE58C9E000B8E03 /* UserManager.swift in Sources */,
				91908A152BDC51E300A95B8D /* SignInViewModel.swift in Sources */,
			);
			runOnlyForDeploymentPostprocessing = 0;
		};
/* End PBXSourcesBuildPhase section */

/* Begin XCBuildConfiguration section */
		91908A072BDC50CA00A95B8D /* Debug */ = {
			isa = XCBuildConfiguration;
			buildSettings = {
				ALWAYS_SEARCH_USER_PATHS = NO;
				ASSETCATALOG_COMPILER_GENERATE_SWIFT_ASSET_SYMBOL_EXTENSIONS = YES;
				CLANG_ANALYZER_NONNULL = YES;
				CLANG_ANALYZER_NUMBER_OBJECT_CONVERSION = YES_AGGRESSIVE;
				CLANG_CXX_LANGUAGE_STANDARD = "gnu++20";
				CLANG_ENABLE_MODULES = YES;
				CLANG_ENABLE_OBJC_ARC = YES;
				CLANG_ENABLE_OBJC_WEAK = YES;
				CLANG_WARN_BLOCK_CAPTURE_AUTORELEASING = YES;
				CLANG_WARN_BOOL_CONVERSION = YES;
				CLANG_WARN_COMMA = YES;
				CLANG_WARN_CONSTANT_CONVERSION = YES;
				CLANG_WARN_DEPRECATED_OBJC_IMPLEMENTATIONS = YES;
				CLANG_WARN_DIRECT_OBJC_ISA_USAGE = YES_ERROR;
				CLANG_WARN_DOCUMENTATION_COMMENTS = YES;
				CLANG_WARN_EMPTY_BODY = YES;
				CLANG_WARN_ENUM_CONVERSION = YES;
				CLANG_WARN_INFINITE_RECURSION = YES;
				CLANG_WARN_INT_CONVERSION = YES;
				CLANG_WARN_NON_LITERAL_NULL_CONVERSION = YES;
				CLANG_WARN_OBJC_IMPLICIT_RETAIN_SELF = YES;
				CLANG_WARN_OBJC_LITERAL_CONVERSION = YES;
				CLANG_WARN_OBJC_ROOT_CLASS = YES_ERROR;
				CLANG_WARN_QUOTED_INCLUDE_IN_FRAMEWORK_HEADER = YES;
				CLANG_WARN_RANGE_LOOP_ANALYSIS = YES;
				CLANG_WARN_STRICT_PROTOTYPES = YES;
				CLANG_WARN_SUSPICIOUS_MOVE = YES;
				CLANG_WARN_UNGUARDED_AVAILABILITY = YES_AGGRESSIVE;
				CLANG_WARN_UNREACHABLE_CODE = YES;
				CLANG_WARN__DUPLICATE_METHOD_MATCH = YES;
				COPY_PHASE_STRIP = NO;
				DEBUG_INFORMATION_FORMAT = dwarf;
				ENABLE_STRICT_OBJC_MSGSEND = YES;
				ENABLE_TESTABILITY = YES;
				ENABLE_USER_SCRIPT_SANDBOXING = YES;
				GCC_C_LANGUAGE_STANDARD = gnu17;
				GCC_DYNAMIC_NO_PIC = NO;
				GCC_NO_COMMON_BLOCKS = YES;
				GCC_OPTIMIZATION_LEVEL = 0;
				GCC_PREPROCESSOR_DEFINITIONS = (
					"DEBUG=1",
					"$(inherited)",
				);
				GCC_WARN_64_TO_32_BIT_CONVERSION = YES;
				GCC_WARN_ABOUT_RETURN_TYPE = YES_ERROR;
				GCC_WARN_UNDECLARED_SELECTOR = YES;
				GCC_WARN_UNINITIALIZED_AUTOS = YES_AGGRESSIVE;
				GCC_WARN_UNUSED_FUNCTION = YES;
				GCC_WARN_UNUSED_VARIABLE = YES;
				IPHONEOS_DEPLOYMENT_TARGET = 17.4;
				LOCALIZATION_PREFERS_STRING_CATALOGS = YES;
				MTL_ENABLE_DEBUG_INFO = INCLUDE_SOURCE;
				MTL_FAST_MATH = YES;
				ONLY_ACTIVE_ARCH = YES;
				SDKROOT = iphoneos;
				SWIFT_ACTIVE_COMPILATION_CONDITIONS = "DEBUG $(inherited)";
				SWIFT_OPTIMIZATION_LEVEL = "-Onone";
			};
			name = Debug;
		};
		91908A082BDC50CA00A95B8D /* Release */ = {
			isa = XCBuildConfiguration;
			buildSettings = {
				ALWAYS_SEARCH_USER_PATHS = NO;
				ASSETCATALOG_COMPILER_GENERATE_SWIFT_ASSET_SYMBOL_EXTENSIONS = YES;
				CLANG_ANALYZER_NONNULL = YES;
				CLANG_ANALYZER_NUMBER_OBJECT_CONVERSION = YES_AGGRESSIVE;
				CLANG_CXX_LANGUAGE_STANDARD = "gnu++20";
				CLANG_ENABLE_MODULES = YES;
				CLANG_ENABLE_OBJC_ARC = YES;
				CLANG_ENABLE_OBJC_WEAK = YES;
				CLANG_WARN_BLOCK_CAPTURE_AUTORELEASING = YES;
				CLANG_WARN_BOOL_CONVERSION = YES;
				CLANG_WARN_COMMA = YES;
				CLANG_WARN_CONSTANT_CONVERSION = YES;
				CLANG_WARN_DEPRECATED_OBJC_IMPLEMENTATIONS = YES;
				CLANG_WARN_DIRECT_OBJC_ISA_USAGE = YES_ERROR;
				CLANG_WARN_DOCUMENTATION_COMMENTS = YES;
				CLANG_WARN_EMPTY_BODY = YES;
				CLANG_WARN_ENUM_CONVERSION = YES;
				CLANG_WARN_INFINITE_RECURSION = YES;
				CLANG_WARN_INT_CONVERSION = YES;
				CLANG_WARN_NON_LITERAL_NULL_CONVERSION = YES;
				CLANG_WARN_OBJC_IMPLICIT_RETAIN_SELF = YES;
				CLANG_WARN_OBJC_LITERAL_CONVERSION = YES;
				CLANG_WARN_OBJC_ROOT_CLASS = YES_ERROR;
				CLANG_WARN_QUOTED_INCLUDE_IN_FRAMEWORK_HEADER = YES;
				CLANG_WARN_RANGE_LOOP_ANALYSIS = YES;
				CLANG_WARN_STRICT_PROTOTYPES = YES;
				CLANG_WARN_SUSPICIOUS_MOVE = YES;
				CLANG_WARN_UNGUARDED_AVAILABILITY = YES_AGGRESSIVE;
				CLANG_WARN_UNREACHABLE_CODE = YES;
				CLANG_WARN__DUPLICATE_METHOD_MATCH = YES;
				COPY_PHASE_STRIP = NO;
				DEBUG_INFORMATION_FORMAT = "dwarf-with-dsym";
				ENABLE_NS_ASSERTIONS = NO;
				ENABLE_STRICT_OBJC_MSGSEND = YES;
				ENABLE_USER_SCRIPT_SANDBOXING = YES;
				GCC_C_LANGUAGE_STANDARD = gnu17;
				GCC_NO_COMMON_BLOCKS = YES;
				GCC_WARN_64_TO_32_BIT_CONVERSION = YES;
				GCC_WARN_ABOUT_RETURN_TYPE = YES_ERROR;
				GCC_WARN_UNDECLARED_SELECTOR = YES;
				GCC_WARN_UNINITIALIZED_AUTOS = YES_AGGRESSIVE;
				GCC_WARN_UNUSED_FUNCTION = YES;
				GCC_WARN_UNUSED_VARIABLE = YES;
				IPHONEOS_DEPLOYMENT_TARGET = 17.4;
				LOCALIZATION_PREFERS_STRING_CATALOGS = YES;
				MTL_ENABLE_DEBUG_INFO = NO;
				MTL_FAST_MATH = YES;
				SDKROOT = iphoneos;
				SWIFT_COMPILATION_MODE = wholemodule;
				VALIDATE_PRODUCT = YES;
			};
			name = Release;
		};
		91908A0A2BDC50CA00A95B8D /* Debug */ = {
			isa = XCBuildConfiguration;
			buildSettings = {
				ASSETCATALOG_COMPILER_APPICON_NAME = AppIcon;
				ASSETCATALOG_COMPILER_GLOBAL_ACCENT_COLOR_NAME = AccentColor;
				CODE_SIGN_ENTITLEMENTS = ChatterUpApp/ChatterUpApp.entitlements;
				CODE_SIGN_STYLE = Automatic;
				CURRENT_PROJECT_VERSION = 1;
				DEVELOPMENT_ASSET_PATHS = "\"ChatterUpApp/Preview Content\"";
				DEVELOPMENT_TEAM = A83DTTZX83;
				ENABLE_PREVIEWS = YES;
				GENERATE_INFOPLIST_FILE = YES;
				INFOPLIST_FILE = ChatterUpApp/Info.plist;
				INFOPLIST_KEY_UIApplicationSceneManifest_Generation = YES;
				INFOPLIST_KEY_UIApplicationSupportsIndirectInputEvents = YES;
				INFOPLIST_KEY_UILaunchScreen_Generation = YES;
				INFOPLIST_KEY_UISupportedInterfaceOrientations_iPad = "UIInterfaceOrientationPortrait UIInterfaceOrientationPortraitUpsideDown UIInterfaceOrientationLandscapeLeft UIInterfaceOrientationLandscapeRight";
				INFOPLIST_KEY_UISupportedInterfaceOrientations_iPhone = "UIInterfaceOrientationPortrait UIInterfaceOrientationLandscapeLeft UIInterfaceOrientationLandscapeRight";
				LD_RUNPATH_SEARCH_PATHS = (
					"$(inherited)",
					"@executable_path/Frameworks",
				);
				MARKETING_VERSION = 1.0;
				PRODUCT_BUNDLE_IDENTIFIER = com.adiamoyal.ChatterUpApp;
				PRODUCT_NAME = "$(TARGET_NAME)";
				SWIFT_EMIT_LOC_STRINGS = YES;
				SWIFT_VERSION = 5.0;
				TARGETED_DEVICE_FAMILY = "1,2";
			};
			name = Debug;
		};
		91908A0B2BDC50CA00A95B8D /* Release */ = {
			isa = XCBuildConfiguration;
			buildSettings = {
				ASSETCATALOG_COMPILER_APPICON_NAME = AppIcon;
				ASSETCATALOG_COMPILER_GLOBAL_ACCENT_COLOR_NAME = AccentColor;
				CODE_SIGN_ENTITLEMENTS = ChatterUpApp/ChatterUpApp.entitlements;
				CODE_SIGN_STYLE = Automatic;
				CURRENT_PROJECT_VERSION = 1;
				DEVELOPMENT_ASSET_PATHS = "\"ChatterUpApp/Preview Content\"";
				DEVELOPMENT_TEAM = A83DTTZX83;
				ENABLE_PREVIEWS = YES;
				GENERATE_INFOPLIST_FILE = YES;
				INFOPLIST_FILE = ChatterUpApp/Info.plist;
				INFOPLIST_KEY_UIApplicationSceneManifest_Generation = YES;
				INFOPLIST_KEY_UIApplicationSupportsIndirectInputEvents = YES;
				INFOPLIST_KEY_UILaunchScreen_Generation = YES;
				INFOPLIST_KEY_UISupportedInterfaceOrientations_iPad = "UIInterfaceOrientationPortrait UIInterfaceOrientationPortraitUpsideDown UIInterfaceOrientationLandscapeLeft UIInterfaceOrientationLandscapeRight";
				INFOPLIST_KEY_UISupportedInterfaceOrientations_iPhone = "UIInterfaceOrientationPortrait UIInterfaceOrientationLandscapeLeft UIInterfaceOrientationLandscapeRight";
				LD_RUNPATH_SEARCH_PATHS = (
					"$(inherited)",
					"@executable_path/Frameworks",
				);
				MARKETING_VERSION = 1.0;
				PRODUCT_BUNDLE_IDENTIFIER = com.adiamoyal.ChatterUpApp;
				PRODUCT_NAME = "$(TARGET_NAME)";
				SWIFT_EMIT_LOC_STRINGS = YES;
				SWIFT_VERSION = 5.0;
				TARGETED_DEVICE_FAMILY = "1,2";
			};
			name = Release;
		};
/* End XCBuildConfiguration section */

/* Begin XCConfigurationList section */
		919089F62BDC50C800A95B8D /* Build configuration list for PBXProject "ChatterUpApp" */ = {
			isa = XCConfigurationList;
			buildConfigurations = (
				91908A072BDC50CA00A95B8D /* Debug */,
				91908A082BDC50CA00A95B8D /* Release */,
			);
			defaultConfigurationIsVisible = 0;
			defaultConfigurationName = Release;
		};
		91908A092BDC50CA00A95B8D /* Build configuration list for PBXNativeTarget "ChatterUpApp" */ = {
			isa = XCConfigurationList;
			buildConfigurations = (
				91908A0A2BDC50CA00A95B8D /* Debug */,
				91908A0B2BDC50CA00A95B8D /* Release */,
			);
			defaultConfigurationIsVisible = 0;
			defaultConfigurationName = Release;
		};
/* End XCConfigurationList section */

/* Begin XCRemoteSwiftPackageReference section */
		91908A1B2BDC66CA00A95B8D /* XCRemoteSwiftPackageReference "firebase-ios-sdk" */ = {
			isa = XCRemoteSwiftPackageReference;
			repositoryURL = "https://github.com/firebase/firebase-ios-sdk";
			requirement = {
				kind = upToNextMajorVersion;
				minimumVersion = 10.24.0;
			};
		};
		91EDC9832BE3246A0012BFD0 /* XCRemoteSwiftPackageReference "GoogleSignIn-iOS" */ = {
			isa = XCRemoteSwiftPackageReference;
			repositoryURL = "https://github.com/google/GoogleSignIn-iOS.git";
			requirement = {
				kind = upToNextMajorVersion;
				minimumVersion = 7.1.0;
			};
		};
/* End XCRemoteSwiftPackageReference section */

/* Begin XCSwiftPackageProductDependency section */
		916EF7922BE58B48000B8E03 /* FirebaseFirestore */ = {
			isa = XCSwiftPackageProductDependency;
			package = 91908A1B2BDC66CA00A95B8D /* XCRemoteSwiftPackageReference "firebase-ios-sdk" */;
			productName = FirebaseFirestore;
		};
		916EF7942BE58B48000B8E03 /* FirebaseFirestoreSwift */ = {
			isa = XCSwiftPackageProductDependency;
			package = 91908A1B2BDC66CA00A95B8D /* XCRemoteSwiftPackageReference "firebase-ios-sdk" */;
			productName = FirebaseFirestoreSwift;
		};
		91908A1C2BDC66CA00A95B8D /* FirebaseAnalytics */ = {
			isa = XCSwiftPackageProductDependency;
			package = 91908A1B2BDC66CA00A95B8D /* XCRemoteSwiftPackageReference "firebase-ios-sdk" */;
			productName = FirebaseAnalytics;
		};
		91908A1E2BDC66CA00A95B8D /* FirebaseAnalyticsSwift */ = {
			isa = XCSwiftPackageProductDependency;
			package = 91908A1B2BDC66CA00A95B8D /* XCRemoteSwiftPackageReference "firebase-ios-sdk" */;
			productName = FirebaseAnalyticsSwift;
		};
		91908A212BDC69E500A95B8D /* FirebaseAuth */ = {
			isa = XCSwiftPackageProductDependency;
			package = 91908A1B2BDC66CA00A95B8D /* XCRemoteSwiftPackageReference "firebase-ios-sdk" */;
			productName = FirebaseAuth;
		};
		91EDC9842BE3246A0012BFD0 /* GoogleSignIn */ = {
			isa = XCSwiftPackageProductDependency;
			package = 91EDC9832BE3246A0012BFD0 /* XCRemoteSwiftPackageReference "GoogleSignIn-iOS" */;
			productName = GoogleSignIn;
		};
		91EDC9862BE3246A0012BFD0 /* GoogleSignInSwift */ = {
			isa = XCSwiftPackageProductDependency;
			package = 91EDC9832BE3246A0012BFD0 /* XCRemoteSwiftPackageReference "GoogleSignIn-iOS" */;
			productName = GoogleSignInSwift;
		};
/* End XCSwiftPackageProductDependency section */
	};
	rootObject = 919089F32BDC50C800A95B8D /* Project object */;
}
